
Microsoft Visual Studio Solution File, Format Version 12.00
# Visual Studio Version 17
VisualStudioVersion = 17.1.32210.238
MinimumVisualStudioVersion = 10.0.40219.1
Project("{FAE04EC0-301F-11D3-BF4B-00C04F79EFBC}") = "DBSecurity", "DBSecurity\DBSecurity.csproj", "{91FC6640-7656-453B-91F9-A7AABA37DA3E}"
EndProject
Global
	GlobalSection(SolutionConfigurationPlatforms) = preSolution
		Debug|Any CPU = Debug|Any CPU
		Release|Any CPU = Release|Any CPU
	EndGlobalSection
	GlobalSection(ProjectConfigurationPlatforms) = postSolution
		{91FC6640-7656-453B-91F9-A7AABA37DA3E}.Debug|Any CPU.ActiveCfg = Debug|Any CPU
		{91FC6640-7656-453B-91F9-A7AABA37DA3E}.Debug|Any CPU.Build.0 = Debug|Any CPU
		{91FC6640-7656-453B-91F9-A7AABA37DA3E}.Release|Any CPU.ActiveCfg = Release|Any CPU
		{91FC6640-7656-453B-91F9-A7AABA37DA3E}.Release|Any CPU.Build.0 = Release|Any CPU
	EndGlobalSection
	GlobalSection(SolutionProperties) = preSolution
		HideSolutionNode = FALSE
	EndGlobalSection
	GlobalSection(ExtensibilityGlobals) = postSolution
		SolutionGuid = {F14D4409-C1A8-4131-A1AB-16345850E423}
	EndGlobalSection
EndGlobal
